// !$*UTF8*$!
{
	archiveVersion = 1;
	classes = {
	};
	objectVersion = 46;
	objects = {

/* Begin PBXBuildFile section */
		4E112F2C19BCA07B00BFC322 /* AppDelegate.swift in Sources */ = {isa = PBXBuildFile; fileRef = 4E112F2B19BCA07B00BFC322 /* AppDelegate.swift */; };
		4E112F2E19BCA07B00BFC322 /* ViewController.swift in Sources */ = {isa = PBXBuildFile; fileRef = 4E112F2D19BCA07B00BFC322 /* ViewController.swift */; };
		4E112F3119BCA07B00BFC322 /* Main.storyboard in Resources */ = {isa = PBXBuildFile; fileRef = 4E112F2F19BCA07B00BFC322 /* Main.storyboard */; };
		4E112F3319BCA07B00BFC322 /* images.xcassets in Resources */ = {isa = PBXBuildFile; fileRef = 4E112F3219BCA07B00BFC322 /* images.xcassets */; };
		4E112F3F19BCA07B00BFC322 /* TableTopTests.swift in Sources */ = {isa = PBXBuildFile; fileRef = 4E112F3E19BCA07B00BFC322 /* TableTopTests.swift */; };
		4E112F4B19BCA4DE00BFC322 /* SideBarTableViewController.swift in Sources */ = {isa = PBXBuildFile; fileRef = 4E112F4A19BCA4DE00BFC322 /* SideBarTableViewController.swift */; };
		4E1E8B671ACD97D400059752 /* home.gpx in Resources */ = {isa = PBXBuildFile; fileRef = 4E1E8B661ACD97D400059752 /* home.gpx */; };
		4E1E8B691ACD9BEE00059752 /* asu.gpx in Resources */ = {isa = PBXBuildFile; fileRef = 4E1E8B681ACD9BEE00059752 /* asu.gpx */; };
		4E39DB0F1A296457001AAFD7 /* TableTopSignUpViewController.swift in Sources */ = {isa = PBXBuildFile; fileRef = 4E39DB0E1A296457001AAFD7 /* TableTopSignUpViewController.swift */; };
		4E4EFE8E19ECD046003699DC /* MapKit.framework in Frameworks */ = {isa = PBXBuildFile; fileRef = 4E4EFE8D19ECD046003699DC /* MapKit.framework */; };
		4E4EFE9019ECD04F003699DC /* CoreLocation.framework in Frameworks */ = {isa = PBXBuildFile; fileRef = 4E4EFE8F19ECD04F003699DC /* CoreLocation.framework */; };
		4E6104AB19FF6ABD0099A820 /* TableTopLogo.png in Resources */ = {isa = PBXBuildFile; fileRef = 4E6104AA19FF6ABD0099A820 /* TableTopLogo.png */; };
		4E6104AD19FF71C80099A820 /* tabletopapplogo.png in Resources */ = {isa = PBXBuildFile; fileRef = 4E6104AC19FF71C80099A820 /* tabletopapplogo.png */; };
		4E6104AF19FF7CD50099A820 /* tabletopapplogobackupicon.png in Resources */ = {isa = PBXBuildFile; fileRef = 4E6104AE19FF7CD50099A820 /* tabletopapplogobackupicon.png */; };
		4E74E16A19D089B90046B5A9 /* SideBar.swift in Sources */ = {isa = PBXBuildFile; fileRef = 4E74E16919D089B90046B5A9 /* SideBar.swift */; };
		4EA3F70D1A29560C002AC3E1 /* TableTopLoginView.swift in Sources */ = {isa = PBXBuildFile; fileRef = 4EA3F70C1A29560C002AC3E1 /* TableTopLoginView.swift */; };
		4ED589681A27A8B6009761E9 /* Accounts.framework in Frameworks */ = {isa = PBXBuildFile; fileRef = 4ED589671A27A8B6009761E9 /* Accounts.framework */; };
		4ED589701A27AB02009761E9 /* Social.framework in Frameworks */ = {isa = PBXBuildFile; fileRef = 4ED5896F1A27AB02009761E9 /* Social.framework */; };
		4ED589721A27AB12009761E9 /* Twitter.framework in Frameworks */ = {isa = PBXBuildFile; fileRef = 4ED589711A27AB12009761E9 /* Twitter.framework */; };
		4ED589741A27AB22009761E9 /* SystemConfiguration.framework in Frameworks */ = {isa = PBXBuildFile; fileRef = 4ED589731A27AB22009761E9 /* SystemConfiguration.framework */; };
		4ED589761A27AB2C009761E9 /* StoreKit.framework in Frameworks */ = {isa = PBXBuildFile; fileRef = 4ED589751A27AB2C009761E9 /* StoreKit.framework */; };
		4ED589781A27AB3A009761E9 /* Security.framework in Frameworks */ = {isa = PBXBuildFile; fileRef = 4ED589771A27AB3A009761E9 /* Security.framework */; };
		4ED5897A1A27AB44009761E9 /* QuartzCore.framework in Frameworks */ = {isa = PBXBuildFile; fileRef = 4ED589791A27AB44009761E9 /* QuartzCore.framework */; };
		4ED5897C1A27AB54009761E9 /* libz.dylib in Frameworks */ = {isa = PBXBuildFile; fileRef = 4ED5897B1A27AB54009761E9 /* libz.dylib */; };
		4ED5897E1A27AB5D009761E9 /* CoreGraphics.framework in Frameworks */ = {isa = PBXBuildFile; fileRef = 4ED5897D1A27AB5D009761E9 /* CoreGraphics.framework */; };
		4ED589801A27AB67009761E9 /* CFNetwork.framework in Frameworks */ = {isa = PBXBuildFile; fileRef = 4ED5897F1A27AB67009761E9 /* CFNetwork.framework */; };
		4ED589821A27AB70009761E9 /* AudioToolbox.framework in Frameworks */ = {isa = PBXBuildFile; fileRef = 4ED589811A27AB70009761E9 /* AudioToolbox.framework */; };
		4EDF78491A2D8AD700448F31 /* TTLogoGimp.png in Resources */ = {isa = PBXBuildFile; fileRef = 4EDF78481A2D8AD700448F31 /* TTLogoGimp.png */; };
		7E7C8FEC1ACDBF5A00F3F978 /* Restaurant.swift in Sources */ = {isa = PBXBuildFile; fileRef = 7E7C8FEB1ACDBF5900F3F978 /* Restaurant.swift */; };
		7EBA41361ACBB23800BF114A /* Bolts.framework in Frameworks */ = {isa = PBXBuildFile; fileRef = 7EBA41351ACBB23800BF114A /* Bolts.framework */; };
		7EBA413A1ACBB25400BF114A /* ParseUI.framework in Frameworks */ = {isa = PBXBuildFile; fileRef = 7EBA41391ACBB25400BF114A /* ParseUI.framework */; };
		7EBA413C1ACBB26D00BF114A /* ParseFacebookUtils.framework in Frameworks */ = {isa = PBXBuildFile; fileRef = 7EBA413B1ACBB26D00BF114A /* ParseFacebookUtils.framework */; };
		7EBA413E1ACBB34100BF114A /* Parse.framework in Frameworks */ = {isa = PBXBuildFile; fileRef = 7EBA413D1ACBB34100BF114A /* Parse.framework */; };
		7EBA41401ACBB4EF00BF114A /* Info.plist in Resources */ = {isa = PBXBuildFile; fileRef = 7EBA413F1ACBB4EF00BF114A /* Info.plist */; };
		7EBA41421ACBB58F00BF114A /* libsqlite3.0.dylib in Frameworks */ = {isa = PBXBuildFile; fileRef = 7EBA41411ACBB58F00BF114A /* libsqlite3.0.dylib */; };
/* End PBXBuildFile section */

/* Begin PBXContainerItemProxy section */
		4E112F3919BCA07B00BFC322 /* PBXContainerItemProxy */ = {
			isa = PBXContainerItemProxy;
			containerPortal = 4E112F1E19BCA07B00BFC322 /* Project object */;
			proxyType = 1;
			remoteGlobalIDString = 4E112F2519BCA07B00BFC322;
			remoteInfo = TableTop;
		};
/* End PBXContainerItemProxy section */

/* Begin PBXFileReference section */
		4E112F2619BCA07B00BFC322 /* TableTop.app */ = {isa = PBXFileReference; explicitFileType = wrapper.application; includeInIndex = 0; path = TableTop.app; sourceTree = BUILT_PRODUCTS_DIR; };
		4E112F2B19BCA07B00BFC322 /* AppDelegate.swift */ = {isa = PBXFileReference; lastKnownFileType = sourcecode.swift; path = AppDelegate.swift; sourceTree = "<group>"; };
		4E112F2D19BCA07B00BFC322 /* ViewController.swift */ = {isa = PBXFileReference; lastKnownFileType = sourcecode.swift; path = ViewController.swift; sourceTree = "<group>"; };
		4E112F3019BCA07B00BFC322 /* Base */ = {isa = PBXFileReference; lastKnownFileType = file.storyboard; name = Base; path = Base.lproj/Main.storyboard; sourceTree = "<group>"; };
		4E112F3219BCA07B00BFC322 /* images.xcassets */ = {isa = PBXFileReference; lastKnownFileType = folder.assetcatalog; path = images.xcassets; sourceTree = "<group>"; };
		4E112F3819BCA07B00BFC322 /* TableTopTests.xctest */ = {isa = PBXFileReference; explicitFileType = wrapper.cfbundle; includeInIndex = 0; path = TableTopTests.xctest; sourceTree = BUILT_PRODUCTS_DIR; };
		4E112F3D19BCA07B00BFC322 /* Info.plist */ = {isa = PBXFileReference; lastKnownFileType = text.plist.xml; path = Info.plist; sourceTree = "<group>"; };
		4E112F3E19BCA07B00BFC322 /* TableTopTests.swift */ = {isa = PBXFileReference; lastKnownFileType = sourcecode.swift; path = TableTopTests.swift; sourceTree = "<group>"; };
		4E112F4A19BCA4DE00BFC322 /* SideBarTableViewController.swift */ = {isa = PBXFileReference; fileEncoding = 4; lastKnownFileType = sourcecode.swift; name = SideBarTableViewController.swift; path = ../SideBarTableViewController.swift; sourceTree = "<group>"; };
		4E1E8B661ACD97D400059752 /* home.gpx */ = {isa = PBXFileReference; fileEncoding = 4; lastKnownFileType = text; path = home.gpx; sourceTree = "<group>"; };
		4E1E8B681ACD9BEE00059752 /* asu.gpx */ = {isa = PBXFileReference; fileEncoding = 4; lastKnownFileType = text; path = asu.gpx; sourceTree = "<group>"; };
		4E39DB0E1A296457001AAFD7 /* TableTopSignUpViewController.swift */ = {isa = PBXFileReference; fileEncoding = 4; lastKnownFileType = sourcecode.swift; path = TableTopSignUpViewController.swift; sourceTree = "<group>"; };
		4E4EFE8D19ECD046003699DC /* MapKit.framework */ = {isa = PBXFileReference; lastKnownFileType = wrapper.framework; name = MapKit.framework; path = System/Library/Frameworks/MapKit.framework; sourceTree = SDKROOT; };
		4E4EFE8F19ECD04F003699DC /* CoreLocation.framework */ = {isa = PBXFileReference; lastKnownFileType = wrapper.framework; name = CoreLocation.framework; path = System/Library/Frameworks/CoreLocation.framework; sourceTree = SDKROOT; };
		4E6104AA19FF6ABD0099A820 /* TableTopLogo.png */ = {isa = PBXFileReference; lastKnownFileType = image.png; path = TableTopLogo.png; sourceTree = "<group>"; };
		4E6104AC19FF71C80099A820 /* tabletopapplogo.png */ = {isa = PBXFileReference; lastKnownFileType = image.png; path = tabletopapplogo.png; sourceTree = "<group>"; };
		4E6104AE19FF7CD50099A820 /* tabletopapplogobackupicon.png */ = {isa = PBXFileReference; lastKnownFileType = image.png; path = tabletopapplogobackupicon.png; sourceTree = "<group>"; };
		4E74E16919D089B90046B5A9 /* SideBar.swift */ = {isa = PBXFileReference; fileEncoding = 4; lastKnownFileType = sourcecode.swift; name = SideBar.swift; path = ../SideBar.swift; sourceTree = "<group>"; };
		4EA3F7091A29520D002AC3E1 /* TableTop-Bridging-Header.h */ = {isa = PBXFileReference; lastKnownFileType = sourcecode.c.h; path = "TableTop-Bridging-Header.h"; sourceTree = "<group>"; };
		4EA3F70C1A29560C002AC3E1 /* TableTopLoginView.swift */ = {isa = PBXFileReference; fileEncoding = 4; lastKnownFileType = sourcecode.swift; path = TableTopLoginView.swift; sourceTree = "<group>"; };
		4ED589671A27A8B6009761E9 /* Accounts.framework */ = {isa = PBXFileReference; lastKnownFileType = wrapper.framework; name = Accounts.framework; path = System/Library/Frameworks/Accounts.framework; sourceTree = SDKROOT; };
		4ED5896F1A27AB02009761E9 /* Social.framework */ = {isa = PBXFileReference; lastKnownFileType = wrapper.framework; name = Social.framework; path = System/Library/Frameworks/Social.framework; sourceTree = SDKROOT; };
		4ED589711A27AB12009761E9 /* Twitter.framework */ = {isa = PBXFileReference; lastKnownFileType = wrapper.framework; name = Twitter.framework; path = System/Library/Frameworks/Twitter.framework; sourceTree = SDKROOT; };
		4ED589731A27AB22009761E9 /* SystemConfiguration.framework */ = {isa = PBXFileReference; lastKnownFileType = wrapper.framework; name = SystemConfiguration.framework; path = System/Library/Frameworks/SystemConfiguration.framework; sourceTree = SDKROOT; };
		4ED589751A27AB2C009761E9 /* StoreKit.framework */ = {isa = PBXFileReference; lastKnownFileType = wrapper.framework; name = StoreKit.framework; path = System/Library/Frameworks/StoreKit.framework; sourceTree = SDKROOT; };
		4ED589771A27AB3A009761E9 /* Security.framework */ = {isa = PBXFileReference; lastKnownFileType = wrapper.framework; name = Security.framework; path = System/Library/Frameworks/Security.framework; sourceTree = SDKROOT; };
		4ED589791A27AB44009761E9 /* QuartzCore.framework */ = {isa = PBXFileReference; lastKnownFileType = wrapper.framework; name = QuartzCore.framework; path = System/Library/Frameworks/QuartzCore.framework; sourceTree = SDKROOT; };
		4ED5897B1A27AB54009761E9 /* libz.dylib */ = {isa = PBXFileReference; lastKnownFileType = "compiled.mach-o.dylib"; name = libz.dylib; path = usr/lib/libz.dylib; sourceTree = SDKROOT; };
		4ED5897D1A27AB5D009761E9 /* CoreGraphics.framework */ = {isa = PBXFileReference; lastKnownFileType = wrapper.framework; name = CoreGraphics.framework; path = System/Library/Frameworks/CoreGraphics.framework; sourceTree = SDKROOT; };
		4ED5897F1A27AB67009761E9 /* CFNetwork.framework */ = {isa = PBXFileReference; lastKnownFileType = wrapper.framework; name = CFNetwork.framework; path = System/Library/Frameworks/CFNetwork.framework; sourceTree = SDKROOT; };
		4ED589811A27AB70009761E9 /* AudioToolbox.framework */ = {isa = PBXFileReference; lastKnownFileType = wrapper.framework; name = AudioToolbox.framework; path = System/Library/Frameworks/AudioToolbox.framework; sourceTree = SDKROOT; };
		4EDF78481A2D8AD700448F31 /* TTLogoGimp.png */ = {isa = PBXFileReference; lastKnownFileType = image.png; path = TTLogoGimp.png; sourceTree = "<group>"; };
		7E7C8FEB1ACDBF5900F3F978 /* Restaurant.swift */ = {isa = PBXFileReference; fileEncoding = 4; lastKnownFileType = sourcecode.swift; path = Restaurant.swift; sourceTree = "<group>"; };
		7EBA41351ACBB23800BF114A /* Bolts.framework */ = {isa = PBXFileReference; lastKnownFileType = wrapper.framework; name = Bolts.framework; path = "../../Desktop/parse-library-1-2/Bolts.framework"; sourceTree = "<group>"; };
		7EBA41391ACBB25400BF114A /* ParseUI.framework */ = {isa = PBXFileReference; lastKnownFileType = wrapper.framework; path = ParseUI.framework; sourceTree = "<group>"; };
		7EBA413B1ACBB26D00BF114A /* ParseFacebookUtils.framework */ = {isa = PBXFileReference; lastKnownFileType = wrapper.framework; path = ParseFacebookUtils.framework; sourceTree = "<group>"; };
		7EBA413D1ACBB34100BF114A /* Parse.framework */ = {isa = PBXFileReference; lastKnownFileType = wrapper.framework; path = Parse.framework; sourceTree = "<group>"; };
		7EBA413F1ACBB4EF00BF114A /* Info.plist */ = {isa = PBXFileReference; fileEncoding = 4; lastKnownFileType = text.plist.xml; path = Info.plist; sourceTree = "<group>"; };
		7EBA41411ACBB58F00BF114A /* libsqlite3.0.dylib */ = {isa = PBXFileReference; lastKnownFileType = "compiled.mach-o.dylib"; name = libsqlite3.0.dylib; path = usr/lib/libsqlite3.0.dylib; sourceTree = SDKROOT; };
/* End PBXFileReference section */

/* Begin PBXFrameworksBuildPhase section */
		4E112F2319BCA07B00BFC322 /* Frameworks */ = {
			isa = PBXFrameworksBuildPhase;
			buildActionMask = 2147483647;
			files = (
				7EBA41421ACBB58F00BF114A /* libsqlite3.0.dylib in Frameworks */,
				4ED589821A27AB70009761E9 /* AudioToolbox.framework in Frameworks */,
				4ED589801A27AB67009761E9 /* CFNetwork.framework in Frameworks */,
				4ED5897E1A27AB5D009761E9 /* CoreGraphics.framework in Frameworks */,
				4ED5897C1A27AB54009761E9 /* libz.dylib in Frameworks */,
				4ED5897A1A27AB44009761E9 /* QuartzCore.framework in Frameworks */,
				4ED589781A27AB3A009761E9 /* Security.framework in Frameworks */,
				7EBA413E1ACBB34100BF114A /* Parse.framework in Frameworks */,
				4ED589761A27AB2C009761E9 /* StoreKit.framework in Frameworks */,
				7EBA413A1ACBB25400BF114A /* ParseUI.framework in Frameworks */,
				4ED589741A27AB22009761E9 /* SystemConfiguration.framework in Frameworks */,
				4ED589721A27AB12009761E9 /* Twitter.framework in Frameworks */,
				4ED589701A27AB02009761E9 /* Social.framework in Frameworks */,
				4ED589681A27A8B6009761E9 /* Accounts.framework in Frameworks */,
				7EBA41361ACBB23800BF114A /* Bolts.framework in Frameworks */,
				4E4EFE9019ECD04F003699DC /* CoreLocation.framework in Frameworks */,
				7EBA413C1ACBB26D00BF114A /* ParseFacebookUtils.framework in Frameworks */,
				4E4EFE8E19ECD046003699DC /* MapKit.framework in Frameworks */,
			);
			runOnlyForDeploymentPostprocessing = 0;
		};
		4E112F3519BCA07B00BFC322 /* Frameworks */ = {
			isa = PBXFrameworksBuildPhase;
			buildActionMask = 2147483647;
			files = (
			);
			runOnlyForDeploymentPostprocessing = 0;
		};
/* End PBXFrameworksBuildPhase section */

/* Begin PBXGroup section */
		4E112F1D19BCA07B00BFC322 = {
			isa = PBXGroup;
			children = (
				4E1E8B681ACD9BEE00059752 /* asu.gpx */,
				4E1E8B661ACD97D400059752 /* home.gpx */,
				4E112F2819BCA07B00BFC322 /* TableTop */,
				4E112F3B19BCA07B00BFC322 /* TableTopTests */,
				4E112F2719BCA07B00BFC322 /* Products */,
				4EC0CCE01A279A950016727D /* Frameworks */,
			);
			sourceTree = "<group>";
		};
		4E112F2719BCA07B00BFC322 /* Products */ = {
			isa = PBXGroup;
			children = (
				4E112F2619BCA07B00BFC322 /* TableTop.app */,
				4E112F3819BCA07B00BFC322 /* TableTopTests.xctest */,
			);
			name = Products;
			sourceTree = "<group>";
		};
		4E112F2819BCA07B00BFC322 /* TableTop */ = {
			isa = PBXGroup;
			children = (
				7EBA413F1ACBB4EF00BF114A /* Info.plist */,
				4E112F2B19BCA07B00BFC322 /* AppDelegate.swift */,
				4E112F4A19BCA4DE00BFC322 /* SideBarTableViewController.swift */,
				4EA3F70C1A29560C002AC3E1 /* TableTopLoginView.swift */,
				4E39DB0E1A296457001AAFD7 /* TableTopSignUpViewController.swift */,
				4E112F2D19BCA07B00BFC322 /* ViewController.swift */,
				7E7C8FEB1ACDBF5900F3F978 /* Restaurant.swift */,
				4E74E16919D089B90046B5A9 /* SideBar.swift */,
				4E112F2F19BCA07B00BFC322 /* Main.storyboard */,
				4E112F3219BCA07B00BFC322 /* images.xcassets */,
				4E112F2919BCA07B00BFC322 /* Supporting Files */,
				4EA3F7091A29520D002AC3E1 /* TableTop-Bridging-Header.h */,
			);
			path = TableTop;
			sourceTree = "<group>";
		};
		4E112F2919BCA07B00BFC322 /* Supporting Files */ = {
			isa = PBXGroup;
			children = (
				4EDF78481A2D8AD700448F31 /* TTLogoGimp.png */,
				4E6104AC19FF71C80099A820 /* tabletopapplogo.png */,
				4E6104AE19FF7CD50099A820 /* tabletopapplogobackupicon.png */,
				4E6104AA19FF6ABD0099A820 /* TableTopLogo.png */,
			);
			name = "Supporting Files";
			sourceTree = "<group>";
		};
		4E112F3B19BCA07B00BFC322 /* TableTopTests */ = {
			isa = PBXGroup;
			children = (
				4E112F3E19BCA07B00BFC322 /* TableTopTests.swift */,
				4E112F3C19BCA07B00BFC322 /* Supporting Files */,
			);
			path = TableTopTests;
			sourceTree = "<group>";
		};
		4E112F3C19BCA07B00BFC322 /* Supporting Files */ = {
			isa = PBXGroup;
			children = (
				4E112F3D19BCA07B00BFC322 /* Info.plist */,
			);
			name = "Supporting Files";
			sourceTree = "<group>";
		};
		4EC0CCE01A279A950016727D /* Frameworks */ = {
			isa = PBXGroup;
			children = (
				7EBA41411ACBB58F00BF114A /* libsqlite3.0.dylib */,
				7EBA413D1ACBB34100BF114A /* Parse.framework */,
				7EBA413B1ACBB26D00BF114A /* ParseFacebookUtils.framework */,
				7EBA41351ACBB23800BF114A /* Bolts.framework */,
				7EBA41391ACBB25400BF114A /* ParseUI.framework */,
				4ED589811A27AB70009761E9 /* AudioToolbox.framework */,
				4ED5897F1A27AB67009761E9 /* CFNetwork.framework */,
				4ED5897D1A27AB5D009761E9 /* CoreGraphics.framework */,
				4ED5897B1A27AB54009761E9 /* libz.dylib */,
				4ED589791A27AB44009761E9 /* QuartzCore.framework */,
				4ED589771A27AB3A009761E9 /* Security.framework */,
				4ED589751A27AB2C009761E9 /* StoreKit.framework */,
				4ED589731A27AB22009761E9 /* SystemConfiguration.framework */,
				4ED589711A27AB12009761E9 /* Twitter.framework */,
				4ED5896F1A27AB02009761E9 /* Social.framework */,
				4ED589671A27A8B6009761E9 /* Accounts.framework */,
				4E4EFE8F19ECD04F003699DC /* CoreLocation.framework */,
				4E4EFE8D19ECD046003699DC /* MapKit.framework */,
			);
			name = Frameworks;
			sourceTree = "<group>";
		};
/* End PBXGroup section */

/* Begin PBXNativeTarget section */
		4E112F2519BCA07B00BFC322 /* TableTop */ = {
			isa = PBXNativeTarget;
			buildConfigurationList = 4E112F4219BCA07B00BFC322 /* Build configuration list for PBXNativeTarget "TableTop" */;
			buildPhases = (
				4E112F2219BCA07B00BFC322 /* Sources */,
				4E112F2319BCA07B00BFC322 /* Frameworks */,
				4E112F2419BCA07B00BFC322 /* Resources */,
			);
			buildRules = (
			);
			dependencies = (
			);
			name = TableTop;
			productName = TableTop;
			productReference = 4E112F2619BCA07B00BFC322 /* TableTop.app */;
			productType = "com.apple.product-type.application";
		};
		4E112F3719BCA07B00BFC322 /* TableTopTests */ = {
			isa = PBXNativeTarget;
			buildConfigurationList = 4E112F4519BCA07B00BFC322 /* Build configuration list for PBXNativeTarget "TableTopTests" */;
			buildPhases = (
				4E112F3419BCA07B00BFC322 /* Sources */,
				4E112F3519BCA07B00BFC322 /* Frameworks */,
				4E112F3619BCA07B00BFC322 /* Resources */,
			);
			buildRules = (
			);
			dependencies = (
				4E112F3A19BCA07B00BFC322 /* PBXTargetDependency */,
			);
			name = TableTopTests;
			productName = TableTopTests;
			productReference = 4E112F3819BCA07B00BFC322 /* TableTopTests.xctest */;
			productType = "com.apple.product-type.bundle.unit-test";
		};
/* End PBXNativeTarget section */

/* Begin PBXProject section */
		4E112F1E19BCA07B00BFC322 /* Project object */ = {
			isa = PBXProject;
			attributes = {
				LastUpgradeCheck = 0600;
				ORGANIZATIONNAME = "Josh Ransom";
				TargetAttributes = {
					4E112F2519BCA07B00BFC322 = {
						CreatedOnToolsVersion = 6.0;
					};
					4E112F3719BCA07B00BFC322 = {
						CreatedOnToolsVersion = 6.0;
						TestTargetID = 4E112F2519BCA07B00BFC322;
					};
				};
			};
			buildConfigurationList = 4E112F2119BCA07B00BFC322 /* Build configuration list for PBXProject "TableTop" */;
			compatibilityVersion = "Xcode 3.2";
			developmentRegion = English;
			hasScannedForEncodings = 0;
			knownRegions = (
				en,
				Base,
			);
			mainGroup = 4E112F1D19BCA07B00BFC322;
			productRefGroup = 4E112F2719BCA07B00BFC322 /* Products */;
			projectDirPath = "";
			projectRoot = "";
			targets = (
				4E112F2519BCA07B00BFC322 /* TableTop */,
				4E112F3719BCA07B00BFC322 /* TableTopTests */,
			);
		};
/* End PBXProject section */

/* Begin PBXResourcesBuildPhase section */
		4E112F2419BCA07B00BFC322 /* Resources */ = {
			isa = PBXResourcesBuildPhase;
			buildActionMask = 2147483647;
			files = (
				4E6104AB19FF6ABD0099A820 /* TableTopLogo.png in Resources */,
				4E112F3119BCA07B00BFC322 /* Main.storyboard in Resources */,
				4E112F3319BCA07B00BFC322 /* images.xcassets in Resources */,
				4EDF78491A2D8AD700448F31 /* TTLogoGimp.png in Resources */,
				4E6104AF19FF7CD50099A820 /* tabletopapplogobackupicon.png in Resources */,
				4E1E8B691ACD9BEE00059752 /* asu.gpx in Resources */,
				4E6104AD19FF71C80099A820 /* tabletopapplogo.png in Resources */,
				4E1E8B671ACD97D400059752 /* home.gpx in Resources */,
			);
			runOnlyForDeploymentPostprocessing = 0;
		};
		4E112F3619BCA07B00BFC322 /* Resources */ = {
			isa = PBXResourcesBuildPhase;
			buildActionMask = 2147483647;
			files = (
			);
			runOnlyForDeploymentPostprocessing = 0;
		};
/* End PBXResourcesBuildPhase section */

/* Begin PBXSourcesBuildPhase section */
		4E112F2219BCA07B00BFC322 /* Sources */ = {
			isa = PBXSourcesBuildPhase;
			buildActionMask = 2147483647;
			files = (
				4E112F2E19BCA07B00BFC322 /* ViewController.swift in Sources */,
				4E112F4B19BCA4DE00BFC322 /* SideBarTableViewController.swift in Sources */,
				4EA3F70D1A29560C002AC3E1 /* TableTopLoginView.swift in Sources */,
				7E7C8FEC1ACDBF5A00F3F978 /* Restaurant.swift in Sources */,
				4E74E16A19D089B90046B5A9 /* SideBar.swift in Sources */,
				4E112F2C19BCA07B00BFC322 /* AppDelegate.swift in Sources */,
				4E39DB0F1A296457001AAFD7 /* TableTopSignUpViewController.swift in Sources */,
			);
			runOnlyForDeploymentPostprocessing = 0;
		};
		4E112F3419BCA07B00BFC322 /* Sources */ = {
			isa = PBXSourcesBuildPhase;
			buildActionMask = 2147483647;
			files = (
				4E112F3F19BCA07B00BFC322 /* TableTopTests.swift in Sources */,
			);
			runOnlyForDeploymentPostprocessing = 0;
		};
/* End PBXSourcesBuildPhase section */

/* Begin PBXTargetDependency section */
		4E112F3A19BCA07B00BFC322 /* PBXTargetDependency */ = {
			isa = PBXTargetDependency;
			target = 4E112F2519BCA07B00BFC322 /* TableTop */;
			targetProxy = 4E112F3919BCA07B00BFC322 /* PBXContainerItemProxy */;
		};
/* End PBXTargetDependency section */

/* Begin PBXVariantGroup section */
		4E112F2F19BCA07B00BFC322 /* Main.storyboard */ = {
			isa = PBXVariantGroup;
			children = (
				4E112F3019BCA07B00BFC322 /* Base */,
			);
			name = Main.storyboard;
			sourceTree = "<group>";
		};
/* End PBXVariantGroup section */

/* Begin XCBuildConfiguration section */
		4E112F4019BCA07B00BFC322 /* Debug */ = {
			isa = XCBuildConfiguration;
			buildSettings = {
				ALWAYS_SEARCH_USER_PATHS = NO;
				CLANG_CXX_LANGUAGE_STANDARD = "gnu++0x";
				CLANG_CXX_LIBRARY = "libc++";
				CLANG_ENABLE_MODULES = YES;
				CLANG_ENABLE_OBJC_ARC = YES;
				CLANG_WARN_BOOL_CONVERSION = YES;
				CLANG_WARN_CONSTANT_CONVERSION = YES;
				CLANG_WARN_DIRECT_OBJC_ISA_USAGE = YES_ERROR;
				CLANG_WARN_EMPTY_BODY = YES;
				CLANG_WARN_ENUM_CONVERSION = YES;
				CLANG_WARN_INT_CONVERSION = YES;
				CLANG_WARN_OBJC_ROOT_CLASS = YES_ERROR;
				CLANG_WARN_UNREACHABLE_CODE = YES;
				CLANG_WARN__DUPLICATE_METHOD_MATCH = YES;
				"CODE_SIGN_IDENTITY[sdk=iphoneos*]" = "iPhone Developer";
				COPY_PHASE_STRIP = NO;
				ENABLE_STRICT_OBJC_MSGSEND = YES;
				GCC_C_LANGUAGE_STANDARD = gnu99;
				GCC_DYNAMIC_NO_PIC = NO;
				GCC_OPTIMIZATION_LEVEL = 0;
				GCC_PREPROCESSOR_DEFINITIONS = (
					"DEBUG=1",
					"$(inherited)",
				);
				GCC_SYMBOLS_PRIVATE_EXTERN = NO;
				GCC_WARN_64_TO_32_BIT_CONVERSION = YES;
				GCC_WARN_ABOUT_RETURN_TYPE = YES_ERROR;
				GCC_WARN_UNDECLARED_SELECTOR = YES;
				GCC_WARN_UNINITIALIZED_AUTOS = YES_AGGRESSIVE;
				GCC_WARN_UNUSED_FUNCTION = YES;
				GCC_WARN_UNUSED_VARIABLE = YES;
				IPHONEOS_DEPLOYMENT_TARGET = 8.0;
				MTL_ENABLE_DEBUG_INFO = YES;
				ONLY_ACTIVE_ARCH = YES;
				SDKROOT = iphoneos;
				SWIFT_OPTIMIZATION_LEVEL = "-Onone";
			};
			name = Debug;
		};
		4E112F4119BCA07B00BFC322 /* Release */ = {
			isa = XCBuildConfiguration;
			buildSettings = {
				ALWAYS_SEARCH_USER_PATHS = NO;
				CLANG_CXX_LANGUAGE_STANDARD = "gnu++0x";
				CLANG_CXX_LIBRARY = "libc++";
				CLANG_ENABLE_MODULES = YES;
				CLANG_ENABLE_OBJC_ARC = YES;
				CLANG_WARN_BOOL_CONVERSION = YES;
				CLANG_WARN_CONSTANT_CONVERSION = YES;
				CLANG_WARN_DIRECT_OBJC_ISA_USAGE = YES_ERROR;
				CLANG_WARN_EMPTY_BODY = YES;
				CLANG_WARN_ENUM_CONVERSION = YES;
				CLANG_WARN_INT_CONVERSION = YES;
				CLANG_WARN_OBJC_ROOT_CLASS = YES_ERROR;
				CLANG_WARN_UNREACHABLE_CODE = YES;
				CLANG_WARN__DUPLICATE_METHOD_MATCH = YES;
				"CODE_SIGN_IDENTITY[sdk=iphoneos*]" = "iPhone Developer";
				COPY_PHASE_STRIP = YES;
				ENABLE_NS_ASSERTIONS = NO;
				ENABLE_STRICT_OBJC_MSGSEND = YES;
				GCC_C_LANGUAGE_STANDARD = gnu99;
				GCC_WARN_64_TO_32_BIT_CONVERSION = YES;
				GCC_WARN_ABOUT_RETURN_TYPE = YES_ERROR;
				GCC_WARN_UNDECLARED_SELECTOR = YES;
				GCC_WARN_UNINITIALIZED_AUTOS = YES_AGGRESSIVE;
				GCC_WARN_UNUSED_FUNCTION = YES;
				GCC_WARN_UNUSED_VARIABLE = YES;
				IPHONEOS_DEPLOYMENT_TARGET = 8.0;
				MTL_ENABLE_DEBUG_INFO = NO;
				SDKROOT = iphoneos;
				VALIDATE_PRODUCT = YES;
			};
			name = Release;
		};
		4E112F4319BCA07B00BFC322 /* Debug */ = {
			isa = XCBuildConfiguration;
			buildSettings = {
				ASSETCATALOG_COMPILER_APPICON_NAME = AppIcon;
				ASSETCATALOG_COMPILER_LAUNCHIMAGE_NAME = LaunchImage;
				CLANG_ENABLE_MODULES = YES;
				FRAMEWORK_SEARCH_PATHS = (
					"$(inherited)",
					"$(PROJECT_DIR)",
					"/Users/TimothyFerguson/Desktop/parse-library-1-2",
				);
				INFOPLIST_FILE = TableTop/Info.plist;
				LD_RUNPATH_SEARCH_PATHS = "$(inherited) @executable_path/Frameworks";
				PRODUCT_NAME = "$(TARGET_NAME)";
				SWIFT_OBJC_BRIDGING_HEADER = "TableTop/TableTop-Bridging-Header.h";
				SWIFT_OPTIMIZATION_LEVEL = "-Onone";
			};
			name = Debug;
		};
		4E112F4419BCA07B00BFC322 /* Release */ = {
			isa = XCBuildConfiguration;
			buildSettings = {
				ASSETCATALOG_COMPILER_APPICON_NAME = AppIcon;
				ASSETCATALOG_COMPILER_LAUNCHIMAGE_NAME = LaunchImage;
				CLANG_ENABLE_MODULES = YES;
				FRAMEWORK_SEARCH_PATHS = (
					"$(inherited)",
					"$(PROJECT_DIR)",
					"/Users/TimothyFerguson/Desktop/parse-library-1-2",
				);
				INFOPLIST_FILE = TableTop/Info.plist;
				LD_RUNPATH_SEARCH_PATHS = "$(inherited) @executable_path/Frameworks";
				PRODUCT_NAME = "$(TARGET_NAME)";
				SWIFT_OBJC_BRIDGING_HEADER = "TableTop/TableTop-Bridging-Header.h";
			};
			name = Release;
		};
		4E112F4619BCA07B00BFC322 /* Debug */ = {
			isa = XCBuildConfiguration;
			buildSettings = {
				BUNDLE_LOADER = "$(TEST_HOST)";
				FRAMEWORK_SEARCH_PATHS = (
					"$(SDKROOT)/Developer/Library/Frameworks",
					"$(inherited)",
				);
				GCC_PREPROCESSOR_DEFINITIONS = (
					"DEBUG=1",
					"$(inherited)",
				);
				INFOPLIST_FILE = TableTopTests/Info.plist;
				LD_RUNPATH_SEARCH_PATHS = "$(inherited) @executable_path/Frameworks @loader_path/Frameworks";
				PRODUCT_NAME = "$(TARGET_NAME)";
				TEST_HOST = "$(BUILT_PRODUCTS_DIR)/TableTop.app/TableTop";
			};
			name = Debug;
		};
		4E112F4719BCA07B00BFC322 /* Release */ = {
			isa = XCBuildConfiguration;
			buildSettings = {
				BUNDLE_LOADER = "$(TEST_HOST)";
				FRAMEWORK_SEARCH_PATHS = (
					"$(SDKROOT)/Developer/Library/Frameworks",
					"$(inherited)",
				);
				INFOPLIST_FILE = TableTopTests/Info.plist;
				LD_RUNPATH_SEARCH_PATHS = "$(inherited) @executable_path/Frameworks @loader_path/Frameworks";
				PRODUCT_NAME = "$(TARGET_NAME)";
				TEST_HOST = "$(BUILT_PRODUCTS_DIR)/TableTop.app/TableTop";
			};
			name = Release;
		};
/* End XCBuildConfiguration section */

/* Begin XCConfigurationList section */
		4E112F2119BCA07B00BFC322 /* Build configuration list for PBXProject "TableTop" */ = {
			isa = XCConfigurationList;
			buildConfigurations = (
				4E112F4019BCA07B00BFC322 /* Debug */,
				4E112F4119BCA07B00BFC322 /* Release */,
			);
			defaultConfigurationIsVisible = 0;
			defaultConfigurationName = Release;
		};
		4E112F4219BCA07B00BFC322 /* Build configuration list for PBXNativeTarget "TableTop" */ = {
			isa = XCConfigurationList;
			buildConfigurations = (
				4E112F4319BCA07B00BFC322 /* Debug */,
				4E112F4419BCA07B00BFC322 /* Release */,
			);
			defaultConfigurationIsVisible = 0;
			defaultConfigurationName = Release;
		};
		4E112F4519BCA07B00BFC322 /* Build configuration list for PBXNativeTarget "TableTopTests" */ = {
			isa = XCConfigurationList;
			buildConfigurations = (
				4E112F4619BCA07B00BFC322 /* Debug */,
				4E112F4719BCA07B00BFC322 /* Release */,
			);
			defaultConfigurationIsVisible = 0;
			defaultConfigurationName = Release;
		};
/* End XCConfigurationList section */
	};
	rootObject = 4E112F1E19BCA07B00BFC322 /* Project object */;
}
